name: Enforce Push Restrictions

on:
  push:
    branches:
      - dev2

jobs:
  enforce-restrictions:
    runs-on: ubuntu-latest

    steps:
      - name: Check Out Repository
        uses: actions/checkout@v2

      - name: Check Author
        run: |
          AUTHOR=$(git log -1 --pretty=format:"%an")
          if [ "$AUTHOR" != "johntmoy13" ]; then
            echo "Pushes to main branch are restricted to specific-user."
            exit 1
          fi
